{
  "nodes": {
    "nixpkgs": {
      "locked": {
        "lastModified": 1631663639,
        "narHash": "sha256-5NGDZXPQzuoxf/42NiyC9YwwhwzfMfIRrz3aT0XHzSc=",
        "owner": "nixos",
        "repo": "nixpkgs",
        "rev": "266dc8c3d052f549826ba246d06787a219533b8f",
        "type": "github"
      },
      "original": {
        "owner": "nixos",
        "ref": "nixos-unstable",
        "repo": "nixpkgs",
        "type": "github"
      }
    },
    "root": {
      "inputs": {
        "nixpkgs": "nixpkgs",
        "utils": "utils"
      }
    },
    "utils": {
      "locked": {
        "lastModified": 1631561581,
        "narHash": "sha256-3VQMV5zvxaVLvqqUrNz3iJelLw30mIVSfZmAaauM3dA=",
        "owner": "numtide",
        "repo": "flake-utils",
        "rev": "7e5bf3925f6fbdfaf50a2a7ca0be2879c4261d19",
        "type": "github"
      },
      "original": {
        "owner": "numtide",
        "repo": "flake-utils",
        "type": "github"
      }
    }
  },
  "root": "root",
  "version": 7
}
